lockfileVersion: '9.0'

settings:
  autoInstallPeers: true
  excludeLinksFromLockfile: false

importers:

  .:
    dependencies:
      '@bufbuild/buf':
        specifier: 1.51.0
        version: 1.51.0
      '@bufbuild/protobuf':
        specifier: 2.2.4
        version: 2.2.4
    devDependencies:
      typescript:
        specifier: 5.8.2
        version: 5.8.2

packages:

  '@bufbuild/buf-darwin-arm64@1.51.0':
    resolution: {integrity: sha512-VIXNyIuCY9JxEcJ+oZimY8qiyjCglB6qmUf5yLLxKVhq8wGGA+rFn7iqXz7ig1sNV0KAEhHFAyfGtncjcJULRA==}
    engines: {node: '>=12'}
    cpu: [arm64]
    os: [darwin]

  '@bufbuild/buf-darwin-x64@1.51.0':
    resolution: {integrity: sha512-0d3j+Lpf4PFFS7RGkvMIJdeJ+HeSPgu0EPcMfbmOrNEM2c2/NSWqLPxYv6iMlL4Fl2wp4U3mSMls5IeXFf56lw==}
    engines: {node: '>=12'}
    cpu: [x64]
    os: [darwin]

  '@bufbuild/buf-linux-aarch64@1.51.0':
    resolution: {integrity: sha512-eFTvxI6B1snQii9vdb66DnP5Wylvy+vE6lq/DMnI2qCOQoZ1OsVZ9hm91b4r5Rcg2gEEJIXe3ExCJtRnYChCTA==}
    engines: {node: '>=12'}
    cpu: [arm64]
    os: [linux]

  '@bufbuild/buf-linux-armv7@1.51.0':
    resolution: {integrity: sha512-mnWmMW1V3GId9BSUbgRKPn5UZTrtVP2hXhuvPMKGRvIt5CqgQUXNJbwUQMa9j1zMQLEIViVa6yGSeewGjNahIw==}
    engines: {node: '>=12'}
    cpu: [arm]
    os: [linux]

  '@bufbuild/buf-linux-x64@1.51.0':
    resolution: {integrity: sha512-CiiFFPgQs3nDlAqr0CnbYBw2uKodBPJCaIrK/EPFqkJdWD58zcGbbtZp5uk3+uHHZ/syBxI8zl/iQSoeypt9cQ==}
    engines: {node: '>=12'}
    cpu: [x64]
    os: [linux]

  '@bufbuild/buf-win32-arm64@1.51.0':
    resolution: {integrity: sha512-9J9WckymQRw+iJ9cg8JquYwlSLYDfilx8vmzsoq0LQdt9yjR6WAq0cHjKuZERSZ2q+beMdi8N9Z0vvfkL1GzGA==}
    engines: {node: '>=12'}
    cpu: [arm64]
    os: [win32]

  '@bufbuild/buf-win32-x64@1.51.0':
    resolution: {integrity: sha512-adskoC+2pr2GzuQNeFv8qe6uj+fndqIubN7smXwCvL8SFBEk8Eic8VSeqfser6cQG64SfTKQPuRW3iqikngWHQ==}
    engines: {node: '>=12'}
    cpu: [x64]
    os: [win32]

  '@bufbuild/buf@1.51.0':
    resolution: {integrity: sha512-DjN9wA1g9q1lYzuDLiC1v9db35mzpHEdG8iM7D36RjWdIByhIgmh/O5hoYSfFL7kMD95p3vGTPz/ZKsClf15VA==}
    engines: {node: '>=12'}
    hasBin: true

  '@bufbuild/protobuf@2.2.4':
    resolution: {integrity: sha512-P9xQgtMh71TA7tHTnbDe68zcI+TPnkyyfBIhGaUr4iUEIXN7yI01DyjmmdEwXTk5OlISBJYkoxCVj2dwmHqIkA==}

  typescript@5.8.2:
    resolution: {integrity: sha512-aJn6wq13/afZp/jT9QZmwEjDqqvSGp1VT5GVg+f/t6/oVyrgXM6BY1h9BRh/O5p3PlUPAe+WuiEZOmb/49RqoQ==}
    engines: {node: '>=14.17'}
    hasBin: true

snapshots:

  '@bufbuild/buf-darwin-arm64@1.51.0':
    optional: true

  '@bufbuild/buf-darwin-x64@1.51.0':
    optional: true

  '@bufbuild/buf-linux-aarch64@1.51.0':
    optional: true

  '@bufbuild/buf-linux-armv7@1.51.0':
    optional: true

  '@bufbuild/buf-linux-x64@1.51.0':
    optional: true

  '@bufbuild/buf-win32-arm64@1.51.0':
    optional: true

  '@bufbuild/buf-win32-x64@1.51.0':
    optional: true

  '@bufbuild/buf@1.51.0':
    optionalDependencies:
      '@bufbuild/buf-darwin-arm64': 1.51.0
      '@bufbuild/buf-darwin-x64': 1.51.0
      '@bufbuild/buf-linux-aarch64': 1.51.0
      '@bufbuild/buf-linux-armv7': 1.51.0
      '@bufbuild/buf-linux-x64': 1.51.0
      '@bufbuild/buf-win32-arm64': 1.51.0
      '@bufbuild/buf-win32-x64': 1.51.0

  '@bufbuild/protobuf@2.2.4': {}

  typescript@5.8.2: {}
