# Generated by buf. DO NOT EDIT.
version: v2
deps:
  - name: buf.build/googleapis/googleapis
    commit: 4ed3bc159a8b4ac68fe253218760d035
    digest: b5:74a7798987b123218c004cf28543a2835e432ca04a69de99cd394a29dbad24d9ed38344f0b7c97ad6476039506c4eb38c2f4a8eef9cec3da2e38e4216a22d495
  - name: buf.build/grpc-ecosystem/grpc-gateway
    commit: ca289928665845a7b2f7285d052c739a
    digest: b5:64ac6d9f363dfc69d619ee4649a7cbad7081c5ecbd35e5f6f2c982a36d9c663545e8e31a38b51b0d9813ac20e87988b89f00e9bd4fee64a9740ec34ffc5b942f
